{
  "version": 4,
  "terraform_version": "1.5.7",
  "serial": 48,
  "lineage": "46034c49-6f4e-bc71-6983-5cc0f0474514",
  "outputs": {
    "pubsub_topic_name": {
      "value": "time-series-intraday",
      "type": "string"
    }
  },
  "resources": [
    {
      "mode": "managed",
      "type": "google_cloud_scheduler_job",
      "name": "us_stock_time_series_scheduler",
      "provider": "provider[\"registry.terraform.io/hashicorp/google\"]",
      "instances": []
    },
    {
      "mode": "managed",
      "type": "google_project_service",
      "name": "cloud_resource_manager",
      "provider": "provider[\"registry.terraform.io/hashicorp/google\"]",
      "instances": [
        {
          "schema_version": 0,
          "attributes": {
            "disable_dependent_services": false,
            "disable_on_destroy": false,
            "id": "sh-0001-analytics-460921/cloudresourcemanager.googleapis.com",
            "project": "sh-0001-analytics-460921",
            "service": "cloudresourcemanager.googleapis.com",
            "timeouts": null
          },
          "sensitive_attributes": [],
          "private": "eyJlMmJmYjczMC1lY2FhLTExZTYtOGY4OC0zNDM2M2JjN2M0YzAiOnsiY3JlYXRlIjoxMjAwMDAwMDAwMDAwLCJkZWxldGUiOjEyMDAwMDAwMDAwMDAsInJlYWQiOjYwMDAwMDAwMDAwMCwidXBkYXRlIjoxMjAwMDAwMDAwMDAwfX0="
        }
      ]
    },
    {
      "mode": "managed",
      "type": "google_project_service",
      "name": "cloud_run",
      "provider": "provider[\"registry.terraform.io/hashicorp/google\"]",
      "instances": [
        {
          "schema_version": 0,
          "attributes": {
            "disable_dependent_services": null,
            "disable_on_destroy": false,
            "id": "sh-0001-analytics-460921/run.googleapis.com",
            "project": "sh-0001-analytics-460921",
            "service": "run.googleapis.com",
            "timeouts": null
          },
          "sensitive_attributes": [],
          "private": "eyJlMmJmYjczMC1lY2FhLTExZTYtOGY4OC0zNDM2M2JjN2M0YzAiOnsiY3JlYXRlIjoxMjAwMDAwMDAwMDAwLCJkZWxldGUiOjEyMDAwMDAwMDAwMDAsInJlYWQiOjYwMDAwMDAwMDAwMCwidXBkYXRlIjoxMjAwMDAwMDAwMDAwfX0="
        }
      ]
    },
    {
      "mode": "managed",
      "type": "google_project_service",
      "name": "pubsub",
      "provider": "provider[\"registry.terraform.io/hashicorp/google\"]",
      "instances": [
        {
          "status": "tainted",
          "schema_version": 0,
          "attributes": {
            "disable_dependent_services": null,
            "disable_on_destroy": true,
            "id": "sh-0001-analytics-460921/pubsub.googleapis.com",
            "project": "sh-0001-analytics-460921",
            "service": "pubsub.googleapis.com",
            "timeouts": null
          },
          "sensitive_attributes": [],
          "private": "eyJlMmJmYjczMC1lY2FhLTExZTYtOGY4OC0zNDM2M2JjN2M0YzAiOnsiY3JlYXRlIjoxMjAwMDAwMDAwMDAwLCJkZWxldGUiOjEyMDAwMDAwMDAwMDAsInJlYWQiOjYwMDAwMDAwMDAwMCwidXBkYXRlIjoxMjAwMDAwMDAwMDAwfX0="
        }
      ]
    },
    {
      "module": "module.fetch_us_stock_time_series_cloud_run",
      "mode": "managed",
      "type": "google_cloud_run_v2_service",
      "name": "default",
      "provider": "provider[\"registry.terraform.io/hashicorp/google\"]",
      "instances": []
    },
    {
      "module": "module.pubsub_topics[\"time_series_intraday_topic\"]",
      "mode": "managed",
      "type": "google_pubsub_schema",
      "name": "schema",
      "provider": "provider[\"registry.terraform.io/hashicorp/google\"]",
      "instances": [
        {
          "schema_version": 0,
          "attributes": {
            "definition": "{\n  \"type\": \"record\",\n  \"name\": \"time_series_intraday\",\n  \"fields\": [\n    {\n      \"name\": \"symbol\",\n      \"type\": \"string\",\n      \"doc\": \"Stock symbol (e.g., AAPL)\"\n    },\n    {\n      \"name\": \"date_time\",\n      \"type\": \"string\",\n      \"doc\": \"Date and time of the stock data point (US/Eastern) - ISO 8601 String format\"\n    },\n    {\n      \"name\": \"open\",\n      \"type\": [\n        \"null\",\n        \"string\"\n      ],\n      \"doc\": \"Opening price\"\n    },\n    {\n      \"name\": \"high\",\n      \"type\": [\n        \"null\",\n        \"string\"\n      ],\n      \"doc\": \"Highest price during the interval\"\n    },\n    {\n      \"name\": \"low\",\n      \"type\": [\n        \"null\",\n        \"string\"\n      ],\n      \"doc\": \"Lowest price during the interval\"\n    },\n    {\n      \"name\": \"close\",\n      \"type\": [\n        \"null\",\n        \"string\"\n      ],\n      \"doc\": \"Closing price\"\n    },\n    {\n      \"name\": \"volume\",\n      \"type\": [\n        \"null\",\n        \"string\"\n      ],\n      \"doc\": \"Volume of shares traded\"\n    },\n    {\n      \"name\": \"last_refreshed_at\",\n      \"type\": [\n        \"null\",\n        \"string\"\n      ],\n      \"doc\": \"Timestamp when the data was last refreshed - ISO 8601 String format\"\n    },\n    {\n      \"name\": \"time_zone\",\n      \"type\": [\n        \"null\",\n        \"string\"\n      ],\n      \"doc\": \"Time zone of the data (e.g., US/Eastern)\"\n    },\n    {\n        \"name\": \"date\",\n        \"type\": [\n            \"null\",\n            \"string\"\n        ],\n        \"doc\": \"Date of the stock, to support time travel\"\n    }\n  ]\n}\n",
            "id": "projects/sh-0001-analytics-460921/schemas/time_series_intraday_schema",
            "name": "time_series_intraday_schema",
            "project": "sh-0001-analytics-460921",
            "timeouts": null,
            "type": "AVRO"
          },
          "sensitive_attributes": [],
          "private": "eyJlMmJmYjczMC1lY2FhLTExZTYtOGY4OC0zNDM2M2JjN2M0YzAiOnsiY3JlYXRlIjoxMjAwMDAwMDAwMDAwLCJkZWxldGUiOjEyMDAwMDAwMDAwMDAsInVwZGF0ZSI6MTIwMDAwMDAwMDAwMH19"
        }
      ]
    },
    {
      "module": "module.pubsub_topics[\"time_series_intraday_topic\"]",
      "mode": "managed",
      "type": "google_pubsub_topic",
      "name": "topic",
      "provider": "provider[\"registry.terraform.io/hashicorp/google\"]",
      "instances": [
        {
          "schema_version": 0,
          "attributes": {
            "id": "projects/sh-0001-analytics-460921/topics/time-series-intraday",
            "kms_key_name": "",
            "labels": {},
            "message_retention_duration": "",
            "message_storage_policy": [],
            "name": "time-series-intraday",
            "project": "sh-0001-analytics-460921",
            "schema_settings": [
              {
                "encoding": "JSON",
                "schema": "projects/sh-0001-analytics-460921/schemas/time_series_intraday_schema"
              }
            ],
            "timeouts": null
          },
          "sensitive_attributes": [],
          "private": "eyJlMmJmYjczMC1lY2FhLTExZTYtOGY4OC0zNDM2M2JjN2M0YzAiOnsiY3JlYXRlIjoxMjAwMDAwMDAwMDAwLCJkZWxldGUiOjEyMDAwMDAwMDAwMDAsInVwZGF0ZSI6MTIwMDAwMDAwMDAwMH19",
          "dependencies": [
            "module.pubsub_topics.google_pubsub_schema.schema"
          ]
        }
      ]
    }
  ],
  "check_results": null
}
